// !$*UTF8*$!
{
	archiveVersion = 1;
	classes = {
	};
	objectVersion = 51;
	objects = {

/* Begin PBXBuildFile section */
		7118AE2726631B7C00FDFD06 /* RecipeModel.swift in Sources */ = {isa = PBXBuildFile; fileRef = 7118AE2626631B7C00FDFD06 /* RecipeModel.swift */; };
		7118AE2926631B9E00FDFD06 /* CleaningTipModel.swift in Sources */ = {isa = PBXBuildFile; fileRef = 7118AE2826631B9E00FDFD06 /* CleaningTipModel.swift */; };
		7118AE2B26631BB200FDFD06 /* OrganizingTipModel.swift in Sources */ = {isa = PBXBuildFile; fileRef = 7118AE2A26631BB200FDFD06 /* OrganizingTipModel.swift */; };
		7118AE2D26631BC800FDFD06 /* Tip.swift in Sources */ = {isa = PBXBuildFile; fileRef = 7118AE2C26631BC800FDFD06 /* Tip.swift */; };
		7118AE2F26632BA900FDFD06 /* CookingViewModel.swift in Sources */ = {isa = PBXBuildFile; fileRef = 7118AE2E26632BA900FDFD06 /* CookingViewModel.swift */; };
		71F6009326606C5600109994 /* LivingAloneApp.swift in Sources */ = {isa = PBXBuildFile; fileRef = 71F6009226606C5600109994 /* LivingAloneApp.swift */; };
		71F6009526606C5600109994 /* ContentView.swift in Sources */ = {isa = PBXBuildFile; fileRef = 71F6009426606C5600109994 /* ContentView.swift */; };
		71F6009726606C5800109994 /* Assets.xcassets in Resources */ = {isa = PBXBuildFile; fileRef = 71F6009626606C5800109994 /* Assets.xcassets */; };
		71F6009A26606C5800109994 /* Preview Assets.xcassets in Resources */ = {isa = PBXBuildFile; fileRef = 71F6009926606C5800109994 /* Preview Assets.xcassets */; };
		71F600A626606F4600109994 /* YouTubePlayer.swift in Sources */ = {isa = PBXBuildFile; fileRef = 71F600A526606F4600109994 /* YouTubePlayer.swift */; };
		71F600A82660711000109994 /* SearchBar.swift in Sources */ = {isa = PBXBuildFile; fileRef = 71F600A72660711000109994 /* SearchBar.swift */; };
		71F600AE2660725D00109994 /* Extensions.swift in Sources */ = {isa = PBXBuildFile; fileRef = 71F600AD2660725D00109994 /* Extensions.swift */; };
		71F600B02660738900109994 /* HomeCleaningButton.swift in Sources */ = {isa = PBXBuildFile; fileRef = 71F600AF2660738900109994 /* HomeCleaningButton.swift */; };
		71F600B22660781000109994 /* HomeCookingButton.swift in Sources */ = {isa = PBXBuildFile; fileRef = 71F600B12660781000109994 /* HomeCookingButton.swift */; };
		71F600B42660781F00109994 /* HomeOrganizationButton.swift in Sources */ = {isa = PBXBuildFile; fileRef = 71F600B32660781F00109994 /* HomeOrganizationButton.swift */; };
		71F600B726607DC300109994 /* HomeView.swift in Sources */ = {isa = PBXBuildFile; fileRef = 71F600B626607DC300109994 /* HomeView.swift */; };
		71F600BA266081B100109994 /* HomeCleaningCard1.swift in Sources */ = {isa = PBXBuildFile; fileRef = 71F600B9266081B100109994 /* HomeCleaningCard1.swift */; };
		71F600BC2660878B00109994 /* HomeCleaningCard2.swift in Sources */ = {isa = PBXBuildFile; fileRef = 71F600BB2660878B00109994 /* HomeCleaningCard2.swift */; };
		71F600BE266087AB00109994 /* HomeCleaningCard3.swift in Sources */ = {isa = PBXBuildFile; fileRef = 71F600BD266087AB00109994 /* HomeCleaningCard3.swift */; };
		71F600C326608D7300109994 /* HomeOrganizationCard1.swift in Sources */ = {isa = PBXBuildFile; fileRef = 71F600C226608D7300109994 /* HomeOrganizationCard1.swift */; };
		71F600C526608D7D00109994 /* HomeOrganizationCard2.swift in Sources */ = {isa = PBXBuildFile; fileRef = 71F600C426608D7D00109994 /* HomeOrganizationCard2.swift */; };
		71F600C726608D8B00109994 /* HomeOrganizationCard3.swift in Sources */ = {isa = PBXBuildFile; fileRef = 71F600C626608D8B00109994 /* HomeOrganizationCard3.swift */; };
		71F600C92660940000109994 /* HomeCookingCard1.swift in Sources */ = {isa = PBXBuildFile; fileRef = 71F600C82660940000109994 /* HomeCookingCard1.swift */; };
		71F600CB2660942500109994 /* HomeCookingCard2.swift in Sources */ = {isa = PBXBuildFile; fileRef = 71F600CA2660942500109994 /* HomeCookingCard2.swift */; };
		71F600CD2660942E00109994 /* HomeCookingCard3.swift in Sources */ = {isa = PBXBuildFile; fileRef = 71F600CC2660942E00109994 /* HomeCookingCard3.swift */; };
		71F600CF2660943800109994 /* HomeCookingCard4.swift in Sources */ = {isa = PBXBuildFile; fileRef = 71F600CE2660943800109994 /* HomeCookingCard4.swift */; };
		71F600D12660944100109994 /* HomeCookingCard5.swift in Sources */ = {isa = PBXBuildFile; fileRef = 71F600D02660944100109994 /* HomeCookingCard5.swift */; };
		71F600D32660A1B800109994 /* CookingView.swift in Sources */ = {isa = PBXBuildFile; fileRef = 71F600D22660A1B800109994 /* CookingView.swift */; };
		71F600D52660A1C600109994 /* CleaningView.swift in Sources */ = {isa = PBXBuildFile; fileRef = 71F600D42660A1C600109994 /* CleaningView.swift */; };
		71F600D92660A20700109994 /* OrganizingView.swift in Sources */ = {isa = PBXBuildFile; fileRef = 71F600D82660A20700109994 /* OrganizingView.swift */; };
		71F600DB2660A2C100109994 /* CookingCard.swift in Sources */ = {isa = PBXBuildFile; fileRef = 71F600DA2660A2C100109994 /* CookingCard.swift */; };
		71F600DD2660A2CE00109994 /* CleaningCard.swift in Sources */ = {isa = PBXBuildFile; fileRef = 71F600DC2660A2CE00109994 /* CleaningCard.swift */; };
		71F600DF2660A2DC00109994 /* OrganizingCard.swift in Sources */ = {isa = PBXBuildFile; fileRef = 71F600DE2660A2DC00109994 /* OrganizingCard.swift */; };
		71F600E126614DA200109994 /* CookingDetails.swift in Sources */ = {isa = PBXBuildFile; fileRef = 71F600E026614DA200109994 /* CookingDetails.swift */; };
		71F600E326614DAC00109994 /* CleaningDetails.swift in Sources */ = {isa = PBXBuildFile; fileRef = 71F600E226614DAC00109994 /* CleaningDetails.swift */; };
		71F600E526614DB700109994 /* OrganizingDetails.swift in Sources */ = {isa = PBXBuildFile; fileRef = 71F600E426614DB700109994 /* OrganizingDetails.swift */; };
		71FCE14026682D23008FAACD /* CleaningViewModel.swift in Sources */ = {isa = PBXBuildFile; fileRef = 71FCE13F26682D23008FAACD /* CleaningViewModel.swift */; };
		71FCE14226682D2D008FAACD /* OrganizingViewModel.swift in Sources */ = {isa = PBXBuildFile; fileRef = 71FCE14126682D2D008FAACD /* OrganizingViewModel.swift */; };
		D0E23C2DACCBA1D1F798CCB3 /* Pods_Living_Alone.framework in Frameworks */ = {isa = PBXBuildFile; fileRef = 7F635CE9903D11EAD7E66EE1 /* Pods_Living_Alone.framework */; };
/* End PBXBuildFile section */

/* Begin PBXFileReference section */
		0DD2EA9017F303C60E701CC0 /* Pods-Living Alone.debug.xcconfig */ = {isa = PBXFileReference; includeInIndex = 1; lastKnownFileType = text.xcconfig; name = "Pods-Living Alone.debug.xcconfig"; path = "Target Support Files/Pods-Living Alone/Pods-Living Alone.debug.xcconfig"; sourceTree = "<group>"; };
		7118AE2626631B7C00FDFD06 /* RecipeModel.swift */ = {isa = PBXFileReference; lastKnownFileType = sourcecode.swift; path = RecipeModel.swift; sourceTree = "<group>"; };
		7118AE2826631B9E00FDFD06 /* CleaningTipModel.swift */ = {isa = PBXFileReference; lastKnownFileType = sourcecode.swift; path = CleaningTipModel.swift; sourceTree = "<group>"; };
		7118AE2A26631BB200FDFD06 /* OrganizingTipModel.swift */ = {isa = PBXFileReference; lastKnownFileType = sourcecode.swift; path = OrganizingTipModel.swift; sourceTree = "<group>"; };
		7118AE2C26631BC800FDFD06 /* Tip.swift */ = {isa = PBXFileReference; lastKnownFileType = sourcecode.swift; path = Tip.swift; sourceTree = "<group>"; };
		7118AE2E26632BA900FDFD06 /* CookingViewModel.swift */ = {isa = PBXFileReference; lastKnownFileType = sourcecode.swift; path = CookingViewModel.swift; sourceTree = "<group>"; };
		71F6008F26606C5600109994 /* Living Alone.app */ = {isa = PBXFileReference; explicitFileType = wrapper.application; includeInIndex = 0; path = "Living Alone.app"; sourceTree = BUILT_PRODUCTS_DIR; };
		71F6009226606C5600109994 /* LivingAloneApp.swift */ = {isa = PBXFileReference; lastKnownFileType = sourcecode.swift; path = LivingAloneApp.swift; sourceTree = "<group>"; };
		71F6009426606C5600109994 /* ContentView.swift */ = {isa = PBXFileReference; lastKnownFileType = sourcecode.swift; path = ContentView.swift; sourceTree = "<group>"; };
		71F6009626606C5800109994 /* Assets.xcassets */ = {isa = PBXFileReference; lastKnownFileType = folder.assetcatalog; path = Assets.xcassets; sourceTree = "<group>"; };
		71F6009926606C5800109994 /* Preview Assets.xcassets */ = {isa = PBXFileReference; lastKnownFileType = folder.assetcatalog; path = "Preview Assets.xcassets"; sourceTree = "<group>"; };
		71F6009B26606C5800109994 /* Info.plist */ = {isa = PBXFileReference; lastKnownFileType = text.plist.xml; path = Info.plist; sourceTree = "<group>"; };
		71F600A526606F4600109994 /* YouTubePlayer.swift */ = {isa = PBXFileReference; lastKnownFileType = sourcecode.swift; path = YouTubePlayer.swift; sourceTree = "<group>"; };
		71F600A72660711000109994 /* SearchBar.swift */ = {isa = PBXFileReference; lastKnownFileType = sourcecode.swift; path = SearchBar.swift; sourceTree = "<group>"; };
		71F600AD2660725D00109994 /* Extensions.swift */ = {isa = PBXFileReference; lastKnownFileType = sourcecode.swift; path = Extensions.swift; sourceTree = "<group>"; };
		71F600AF2660738900109994 /* HomeCleaningButton.swift */ = {isa = PBXFileReference; lastKnownFileType = sourcecode.swift; path = HomeCleaningButton.swift; sourceTree = "<group>"; };
		71F600B12660781000109994 /* HomeCookingButton.swift */ = {isa = PBXFileReference; lastKnownFileType = sourcecode.swift; path = HomeCookingButton.swift; sourceTree = "<group>"; };
		71F600B32660781F00109994 /* HomeOrganizationButton.swift */ = {isa = PBXFileReference; lastKnownFileType = sourcecode.swift; path = HomeOrganizationButton.swift; sourceTree = "<group>"; };
		71F600B626607DC300109994 /* HomeView.swift */ = {isa = PBXFileReference; lastKnownFileType = sourcecode.swift; path = HomeView.swift; sourceTree = "<group>"; };
		71F600B9266081B100109994 /* HomeCleaningCard1.swift */ = {isa = PBXFileReference; lastKnownFileType = sourcecode.swift; path = HomeCleaningCard1.swift; sourceTree = "<group>"; };
		71F600BB2660878B00109994 /* HomeCleaningCard2.swift */ = {isa = PBXFileReference; lastKnownFileType = sourcecode.swift; path = HomeCleaningCard2.swift; sourceTree = "<group>"; };
		71F600BD266087AB00109994 /* HomeCleaningCard3.swift */ = {isa = PBXFileReference; lastKnownFileType = sourcecode.swift; path = HomeCleaningCard3.swift; sourceTree = "<group>"; };
		71F600C226608D7300109994 /* HomeOrganizationCard1.swift */ = {isa = PBXFileReference; lastKnownFileType = sourcecode.swift; path = HomeOrganizationCard1.swift; sourceTree = "<group>"; };
		71F600C426608D7D00109994 /* HomeOrganizationCard2.swift */ = {isa = PBXFileReference; lastKnownFileType = sourcecode.swift; path = HomeOrganizationCard2.swift; sourceTree = "<group>"; };
		71F600C626608D8B00109994 /* HomeOrganizationCard3.swift */ = {isa = PBXFileReference; lastKnownFileType = sourcecode.swift; path = HomeOrganizationCard3.swift; sourceTree = "<group>"; };
		71F600C82660940000109994 /* HomeCookingCard1.swift */ = {isa = PBXFileReference; lastKnownFileType = sourcecode.swift; path = HomeCookingCard1.swift; sourceTree = "<group>"; };
		71F600CA2660942500109994 /* HomeCookingCard2.swift */ = {isa = PBXFileReference; lastKnownFileType = sourcecode.swift; path = HomeCookingCard2.swift; sourceTree = "<group>"; };
		71F600CC2660942E00109994 /* HomeCookingCard3.swift */ = {isa = PBXFileReference; lastKnownFileType = sourcecode.swift; path = HomeCookingCard3.swift; sourceTree = "<group>"; };
		71F600CE2660943800109994 /* HomeCookingCard4.swift */ = {isa = PBXFileReference; lastKnownFileType = sourcecode.swift; path = HomeCookingCard4.swift; sourceTree = "<group>"; };
		71F600D02660944100109994 /* HomeCookingCard5.swift */ = {isa = PBXFileReference; lastKnownFileType = sourcecode.swift; path = HomeCookingCard5.swift; sourceTree = "<group>"; };
		71F600D22660A1B800109994 /* CookingView.swift */ = {isa = PBXFileReference; lastKnownFileType = sourcecode.swift; path = CookingView.swift; sourceTree = "<group>"; };
		71F600D42660A1C600109994 /* CleaningView.swift */ = {isa = PBXFileReference; lastKnownFileType = sourcecode.swift; path = CleaningView.swift; sourceTree = "<group>"; };
		71F600D82660A20700109994 /* OrganizingView.swift */ = {isa = PBXFileReference; lastKnownFileType = sourcecode.swift; path = OrganizingView.swift; sourceTree = "<group>"; };
		71F600DA2660A2C100109994 /* CookingCard.swift */ = {isa = PBXFileReference; lastKnownFileType = sourcecode.swift; path = CookingCard.swift; sourceTree = "<group>"; };
		71F600DC2660A2CE00109994 /* CleaningCard.swift */ = {isa = PBXFileReference; lastKnownFileType = sourcecode.swift; path = CleaningCard.swift; sourceTree = "<group>"; };
		71F600DE2660A2DC00109994 /* OrganizingCard.swift */ = {isa = PBXFileReference; lastKnownFileType = sourcecode.swift; path = OrganizingCard.swift; sourceTree = "<group>"; };
		71F600E026614DA200109994 /* CookingDetails.swift */ = {isa = PBXFileReference; lastKnownFileType = sourcecode.swift; path = CookingDetails.swift; sourceTree = "<group>"; };
		71F600E226614DAC00109994 /* CleaningDetails.swift */ = {isa = PBXFileReference; lastKnownFileType = sourcecode.swift; path = CleaningDetails.swift; sourceTree = "<group>"; };
		71F600E426614DB700109994 /* OrganizingDetails.swift */ = {isa = PBXFileReference; lastKnownFileType = sourcecode.swift; path = OrganizingDetails.swift; sourceTree = "<group>"; };
		71FCE13F26682D23008FAACD /* CleaningViewModel.swift */ = {isa = PBXFileReference; lastKnownFileType = sourcecode.swift; path = CleaningViewModel.swift; sourceTree = "<group>"; };
		71FCE14126682D2D008FAACD /* OrganizingViewModel.swift */ = {isa = PBXFileReference; lastKnownFileType = sourcecode.swift; path = OrganizingViewModel.swift; sourceTree = "<group>"; };
		7F635CE9903D11EAD7E66EE1 /* Pods_Living_Alone.framework */ = {isa = PBXFileReference; explicitFileType = wrapper.framework; includeInIndex = 0; path = Pods_Living_Alone.framework; sourceTree = BUILT_PRODUCTS_DIR; };
		E5EE72BF135E9FA7C95E4FFA /* Pods-Living Alone.release.xcconfig */ = {isa = PBXFileReference; includeInIndex = 1; lastKnownFileType = text.xcconfig; name = "Pods-Living Alone.release.xcconfig"; path = "Target Support Files/Pods-Living Alone/Pods-Living Alone.release.xcconfig"; sourceTree = "<group>"; };
/* End PBXFileReference section */

/* Begin PBXFrameworksBuildPhase section */
		71F6008C26606C5600109994 /* Frameworks */ = {
			isa = PBXFrameworksBuildPhase;
			buildActionMask = 2147483647;
			files = (
				D0E23C2DACCBA1D1F798CCB3 /* Pods_Living_Alone.framework in Frameworks */,
			);
			runOnlyForDeploymentPostprocessing = 0;
		};
/* End PBXFrameworksBuildPhase section */

/* Begin PBXGroup section */
		04B58F193F97843AF0E91DA1 /* Pods */ = {
			isa = PBXGroup;
			children = (
				0DD2EA9017F303C60E701CC0 /* Pods-Living Alone.debug.xcconfig */,
				E5EE72BF135E9FA7C95E4FFA /* Pods-Living Alone.release.xcconfig */,
			);
			path = Pods;
			sourceTree = "<group>";
		};
		10227AE7AC222EA1DFD1F5E4 /* Frameworks */ = {
			isa = PBXGroup;
			children = (
				7F635CE9903D11EAD7E66EE1 /* Pods_Living_Alone.framework */,
			);
			name = Frameworks;
			sourceTree = "<group>";
		};
		71F6008626606C5600109994 = {
			isa = PBXGroup;
			children = (
				71F6009126606C5600109994 /* Living Alone */,
				71F6009026606C5600109994 /* Products */,
				04B58F193F97843AF0E91DA1 /* Pods */,
				10227AE7AC222EA1DFD1F5E4 /* Frameworks */,
			);
			sourceTree = "<group>";
		};
		71F6009026606C5600109994 /* Products */ = {
			isa = PBXGroup;
			children = (
				71F6008F26606C5600109994 /* Living Alone.app */,
			);
			name = Products;
			sourceTree = "<group>";
		};
		71F6009126606C5600109994 /* Living Alone */ = {
			isa = PBXGroup;
			children = (
				71F6009226606C5600109994 /* LivingAloneApp.swift */,
				71F6009426606C5600109994 /* ContentView.swift */,
				71F600AD2660725D00109994 /* Extensions.swift */,
				71F600A426606F0A00109994 /* View */,
				71F600A326606F0400109994 /* ViewModel */,
				71F600A226606EFB00109994 /* Model */,
				71F6009626606C5800109994 /* Assets.xcassets */,
				71F6009B26606C5800109994 /* Info.plist */,
				71F6009826606C5800109994 /* Preview Content */,
			);
			path = "Living Alone";
			sourceTree = "<group>";
		};
		71F6009826606C5800109994 /* Preview Content */ = {
			isa = PBXGroup;
			children = (
				71F6009926606C5800109994 /* Preview Assets.xcassets */,
			);
			path = "Preview Content";
			sourceTree = "<group>";
		};
		71F600A126606EF100109994 /* Util */ = {
			isa = PBXGroup;
			children = (
				71F600A526606F4600109994 /* YouTubePlayer.swift */,
				71F600A72660711000109994 /* SearchBar.swift */,
			);
			path = Util;
			sourceTree = "<group>";
		};
		71F600A226606EFB00109994 /* Model */ = {
			isa = PBXGroup;
			children = (
				7118AE2626631B7C00FDFD06 /* RecipeModel.swift */,
				7118AE2826631B9E00FDFD06 /* CleaningTipModel.swift */,
				7118AE2A26631BB200FDFD06 /* OrganizingTipModel.swift */,
				7118AE2C26631BC800FDFD06 /* Tip.swift */,
			);
			path = Model;
			sourceTree = "<group>";
		};
		71F600A326606F0400109994 /* ViewModel */ = {
			isa = PBXGroup;
			children = (
				7118AE2E26632BA900FDFD06 /* CookingViewModel.swift */,
				71FCE13F26682D23008FAACD /* CleaningViewModel.swift */,
				71FCE14126682D2D008FAACD /* OrganizingViewModel.swift */,
			);
			path = ViewModel;
			sourceTree = "<group>";
		};
		71F600A426606F0A00109994 /* View */ = {
			isa = PBXGroup;
			children = (
				71F600A92660711E00109994 /* Home */,
				71F600AA2660713400109994 /* Cooking */,
				71F600AB2660713E00109994 /* Cleaning */,
				71F600AC2660714700109994 /* Organizing */,
				71F600A126606EF100109994 /* Util */,
			);
			path = View;
			sourceTree = "<group>";
		};
		71F600A92660711E00109994 /* Home */ = {
			isa = PBXGroup;
			children = (
				71F600B626607DC300109994 /* HomeView.swift */,
				71F600B526607CD600109994 /* Buttons */,
				71F600B8266080D800109994 /* Cards */,
			);
			path = Home;
			sourceTree = "<group>";
		};
		71F600AA2660713400109994 /* Cooking */ = {
			isa = PBXGroup;
			children = (
				71F600D22660A1B800109994 /* CookingView.swift */,
				71F600DA2660A2C100109994 /* CookingCard.swift */,
				71F600E026614DA200109994 /* CookingDetails.swift */,
			);
			path = Cooking;
			sourceTree = "<group>";
		};
		71F600AB2660713E00109994 /* Cleaning */ = {
			isa = PBXGroup;
			children = (
				71F600D42660A1C600109994 /* CleaningView.swift */,
				71F600DC2660A2CE00109994 /* CleaningCard.swift */,
				71F600E226614DAC00109994 /* CleaningDetails.swift */,
			);
			path = Cleaning;
			sourceTree = "<group>";
		};
		71F600AC2660714700109994 /* Organizing */ = {
			isa = PBXGroup;
			children = (
				71F600D82660A20700109994 /* OrganizingView.swift */,
				71F600DE2660A2DC00109994 /* OrganizingCard.swift */,
				71F600E426614DB700109994 /* OrganizingDetails.swift */,
			);
			path = Organizing;
			sourceTree = "<group>";
		};
		71F600B526607CD600109994 /* Buttons */ = {
			isa = PBXGroup;
			children = (
				71F600AF2660738900109994 /* HomeCleaningButton.swift */,
				71F600B12660781000109994 /* HomeCookingButton.swift */,
				71F600B32660781F00109994 /* HomeOrganizationButton.swift */,
			);
			name = Buttons;
			sourceTree = "<group>";
		};
		71F600B8266080D800109994 /* Cards */ = {
			isa = PBXGroup;
			children = (
				71F600C026608CFF00109994 /* Cooking */,
				71F600BF26608CE900109994 /* Cleaning */,
				71F600C126608D1100109994 /* Organization */,
			);
			name = Cards;
			sourceTree = "<group>";
		};
		71F600BF26608CE900109994 /* Cleaning */ = {
			isa = PBXGroup;
			children = (
				71F600B9266081B100109994 /* HomeCleaningCard1.swift */,
				71F600BB2660878B00109994 /* HomeCleaningCard2.swift */,
				71F600BD266087AB00109994 /* HomeCleaningCard3.swift */,
			);
			name = Cleaning;
			sourceTree = "<group>";
		};
		71F600C026608CFF00109994 /* Cooking */ = {
			isa = PBXGroup;
			children = (
				71F600C82660940000109994 /* HomeCookingCard1.swift */,
				71F600CA2660942500109994 /* HomeCookingCard2.swift */,
				71F600CC2660942E00109994 /* HomeCookingCard3.swift */,
				71F600CE2660943800109994 /* HomeCookingCard4.swift */,
				71F600D02660944100109994 /* HomeCookingCard5.swift */,
			);
			name = Cooking;
			sourceTree = "<group>";
		};
		71F600C126608D1100109994 /* Organization */ = {
			isa = PBXGroup;
			children = (
				71F600C226608D7300109994 /* HomeOrganizationCard1.swift */,
				71F600C426608D7D00109994 /* HomeOrganizationCard2.swift */,
				71F600C626608D8B00109994 /* HomeOrganizationCard3.swift */,
			);
			name = Organization;
			sourceTree = "<group>";
		};
/* End PBXGroup section */

/* Begin PBXNativeTarget section */
		71F6008E26606C5600109994 /* Living Alone */ = {
			isa = PBXNativeTarget;
			buildConfigurationList = 71F6009E26606C5800109994 /* Build configuration list for PBXNativeTarget "Living Alone" */;
			buildPhases = (
				A6FB17F4F174CCD4A98AA464 /* [CP] Check Pods Manifest.lock */,
				71F6008B26606C5600109994 /* Sources */,
				71F6008C26606C5600109994 /* Frameworks */,
				71F6008D26606C5600109994 /* Resources */,
				E064C02349CA9CCBA7011C01 /* [CP] Embed Pods Frameworks */,
			);
			buildRules = (
			);
			dependencies = (
			);
			name = "Living Alone";
			productName = "Living Alone";
			productReference = 71F6008F26606C5600109994 /* Living Alone.app */;
			productType = "com.apple.product-type.application";
		};
/* End PBXNativeTarget section */

/* Begin PBXProject section */
		71F6008726606C5600109994 /* Project object */ = {
			isa = PBXProject;
			attributes = {
				LastSwiftUpdateCheck = 1250;
				LastUpgradeCheck = 1250;
				TargetAttributes = {
					71F6008E26606C5600109994 = {
						CreatedOnToolsVersion = 12.5;
					};
				};
			};
			buildConfigurationList = 71F6008A26606C5600109994 /* Build configuration list for PBXProject "Living Alone" */;
			compatibilityVersion = "Xcode 9.3";
			developmentRegion = en;
			hasScannedForEncodings = 0;
			knownRegions = (
				en,
				Base,
			);
			mainGroup = 71F6008626606C5600109994;
			productRefGroup = 71F6009026606C5600109994 /* Products */;
			projectDirPath = "";
			projectRoot = "";
			targets = (
				71F6008E26606C5600109994 /* Living Alone */,
			);
		};
/* End PBXProject section */

/* Begin PBXResourcesBuildPhase section */
		71F6008D26606C5600109994 /* Resources */ = {
			isa = PBXResourcesBuildPhase;
			buildActionMask = 2147483647;
			files = (
				71F6009A26606C5800109994 /* Preview Assets.xcassets in Resources */,
				71F6009726606C5800109994 /* Assets.xcassets in Resources */,
			);
			runOnlyForDeploymentPostprocessing = 0;
		};
/* End PBXResourcesBuildPhase section */

/* Begin PBXShellScriptBuildPhase section */
		A6FB17F4F174CCD4A98AA464 /* [CP] Check Pods Manifest.lock */ = {
			isa = PBXShellScriptBuildPhase;
			buildActionMask = 2147483647;
			files = (
			);
			inputFileListPaths = (
			);
			inputPaths = (
				"${PODS_PODFILE_DIR_PATH}/Podfile.lock",
				"${PODS_ROOT}/Manifest.lock",
			);
			name = "[CP] Check Pods Manifest.lock";
			outputFileListPaths = (
			);
			outputPaths = (
				"$(DERIVED_FILE_DIR)/Pods-Living Alone-checkManifestLockResult.txt",
			);
			runOnlyForDeploymentPostprocessing = 0;
			shellPath = /bin/sh;
			shellScript = "diff \"${PODS_PODFILE_DIR_PATH}/Podfile.lock\" \"${PODS_ROOT}/Manifest.lock\" > /dev/null\nif [ $? != 0 ] ; then\n    # print error to STDERR\n    echo \"error: The sandbox is not in sync with the Podfile.lock. Run 'pod install' or update your CocoaPods installation.\" >&2\n    exit 1\nfi\n# This output is used by Xcode 'outputs' to avoid re-running this script phase.\necho \"SUCCESS\" > \"${SCRIPT_OUTPUT_FILE_0}\"\n";
			showEnvVarsInLog = 0;
		};
		E064C02349CA9CCBA7011C01 /* [CP] Embed Pods Frameworks */ = {
			isa = PBXShellScriptBuildPhase;
			buildActionMask = 2147483647;
			files = (
			);
			inputFileListPaths = (
				"${PODS_ROOT}/Target Support Files/Pods-Living Alone/Pods-Living Alone-frameworks-${CONFIGURATION}-input-files.xcfilelist",
			);
			name = "[CP] Embed Pods Frameworks";
			outputFileListPaths = (
				"${PODS_ROOT}/Target Support Files/Pods-Living Alone/Pods-Living Alone-frameworks-${CONFIGURATION}-output-files.xcfilelist",
			);
			runOnlyForDeploymentPostprocessing = 0;
			shellPath = /bin/sh;
			shellScript = "\"${PODS_ROOT}/Target Support Files/Pods-Living Alone/Pods-Living Alone-frameworks.sh\"\n";
			showEnvVarsInLog = 0;
		};
/* End PBXShellScriptBuildPhase section */

/* Begin PBXSourcesBuildPhase section */
		71F6008B26606C5600109994 /* Sources */ = {
			isa = PBXSourcesBuildPhase;
			buildActionMask = 2147483647;
			files = (
				71F600C726608D8B00109994 /* HomeOrganizationCard3.swift in Sources */,
				71F600E526614DB700109994 /* OrganizingDetails.swift in Sources */,
				7118AE2926631B9E00FDFD06 /* CleaningTipModel.swift in Sources */,
				7118AE2D26631BC800FDFD06 /* Tip.swift in Sources */,
				71F600D32660A1B800109994 /* CookingView.swift in Sources */,
				71FCE14026682D23008FAACD /* CleaningViewModel.swift in Sources */,
				71F600CB2660942500109994 /* HomeCookingCard2.swift in Sources */,
				7118AE2F26632BA900FDFD06 /* CookingViewModel.swift in Sources */,
				71F600E326614DAC00109994 /* CleaningDetails.swift in Sources */,
				71F600B726607DC300109994 /* HomeView.swift in Sources */,
				71F600BC2660878B00109994 /* HomeCleaningCard2.swift in Sources */,
				71F600AE2660725D00109994 /* Extensions.swift in Sources */,
				7118AE2B26631BB200FDFD06 /* OrganizingTipModel.swift in Sources */,
				71F600B42660781F00109994 /* HomeOrganizationButton.swift in Sources */,
				71F600DD2660A2CE00109994 /* CleaningCard.swift in Sources */,
				71F600C526608D7D00109994 /* HomeOrganizationCard2.swift in Sources */,
				71F600DB2660A2C100109994 /* CookingCard.swift in Sources */,
				71F600C326608D7300109994 /* HomeOrganizationCard1.swift in Sources */,
				71F600B22660781000109994 /* HomeCookingButton.swift in Sources */,
				71F600D92660A20700109994 /* OrganizingView.swift in Sources */,
				71F600BE266087AB00109994 /* HomeCleaningCard3.swift in Sources */,
				71F600BA266081B100109994 /* HomeCleaningCard1.swift in Sources */,
				7118AE2726631B7C00FDFD06 /* RecipeModel.swift in Sources */,
				71F600DF2660A2DC00109994 /* OrganizingCard.swift in Sources */,
				71F600B02660738900109994 /* HomeCleaningButton.swift in Sources */,
				71F600A626606F4600109994 /* YouTubePlayer.swift in Sources */,
				71F600E126614DA200109994 /* CookingDetails.swift in Sources */,
				71F600CF2660943800109994 /* HomeCookingCard4.swift in Sources */,
				71FCE14226682D2D008FAACD /* OrganizingViewModel.swift in Sources */,
				71F600D52660A1C600109994 /* CleaningView.swift in Sources */,
				71F600A82660711000109994 /* SearchBar.swift in Sources */,
				71F600D12660944100109994 /* HomeCookingCard5.swift in Sources */,
				71F6009526606C5600109994 /* ContentView.swift in Sources */,
				71F600CD2660942E00109994 /* HomeCookingCard3.swift in Sources */,
				71F6009326606C5600109994 /* LivingAloneApp.swift in Sources */,
				71F600C92660940000109994 /* HomeCookingCard1.swift in Sources */,
			);
			runOnlyForDeploymentPostprocessing = 0;
		};
/* End PBXSourcesBuildPhase section */

/* Begin XCBuildConfiguration section */
		71F6009C26606C5800109994 /* Debug */ = {
			isa = XCBuildConfiguration;
			buildSettings = {
				ALWAYS_SEARCH_USER_PATHS = NO;
				CLANG_ANALYZER_NONNULL = YES;
				CLANG_ANALYZER_NUMBER_OBJECT_CONVERSION = YES_AGGRESSIVE;
				CLANG_CXX_LANGUAGE_STANDARD = "gnu++14";
				CLANG_CXX_LIBRARY = "libc++";
				CLANG_ENABLE_MODULES = YES;
				CLANG_ENABLE_OBJC_ARC = YES;
				CLANG_ENABLE_OBJC_WEAK = YES;
				CLANG_WARN_BLOCK_CAPTURE_AUTORELEASING = YES;
				CLANG_WARN_BOOL_CONVERSION = YES;
				CLANG_WARN_COMMA = YES;
				CLANG_WARN_CONSTANT_CONVERSION = YES;
				CLANG_WARN_DEPRECATED_OBJC_IMPLEMENTATIONS = YES;
				CLANG_WARN_DIRECT_OBJC_ISA_USAGE = YES_ERROR;
				CLANG_WARN_DOCUMENTATION_COMMENTS = YES;
				CLANG_WARN_EMPTY_BODY = YES;
				CLANG_WARN_ENUM_CONVERSION = YES;
				CLANG_WARN_INFINITE_RECURSION = YES;
				CLANG_WARN_INT_CONVERSION = YES;
				CLANG_WARN_NON_LITERAL_NULL_CONVERSION = YES;
				CLANG_WARN_OBJC_IMPLICIT_RETAIN_SELF = YES;
				CLANG_WARN_OBJC_LITERAL_CONVERSION = YES;
				CLANG_WARN_OBJC_ROOT_CLASS = YES_ERROR;
				CLANG_WARN_QUOTED_INCLUDE_IN_FRAMEWORK_HEADER = YES;
				CLANG_WARN_RANGE_LOOP_ANALYSIS = YES;
				CLANG_WARN_STRICT_PROTOTYPES = YES;
				CLANG_WARN_SUSPICIOUS_MOVE = YES;
				CLANG_WARN_UNGUARDED_AVAILABILITY = YES_AGGRESSIVE;
				CLANG_WARN_UNREACHABLE_CODE = YES;
				CLANG_WARN__DUPLICATE_METHOD_MATCH = YES;
				COPY_PHASE_STRIP = NO;
				DEBUG_INFORMATION_FORMAT = dwarf;
				ENABLE_STRICT_OBJC_MSGSEND = YES;
				ENABLE_TESTABILITY = YES;
				GCC_C_LANGUAGE_STANDARD = gnu11;
				GCC_DYNAMIC_NO_PIC = NO;
				GCC_NO_COMMON_BLOCKS = YES;
				GCC_OPTIMIZATION_LEVEL = 0;
				GCC_PREPROCESSOR_DEFINITIONS = (
					"DEBUG=1",
					"$(inherited)",
				);
				GCC_WARN_64_TO_32_BIT_CONVERSION = YES;
				GCC_WARN_ABOUT_RETURN_TYPE = YES_ERROR;
				GCC_WARN_UNDECLARED_SELECTOR = YES;
				GCC_WARN_UNINITIALIZED_AUTOS = YES_AGGRESSIVE;
				GCC_WARN_UNUSED_FUNCTION = YES;
				GCC_WARN_UNUSED_VARIABLE = YES;
				IPHONEOS_DEPLOYMENT_TARGET = 14.5;
				MTL_ENABLE_DEBUG_INFO = INCLUDE_SOURCE;
				MTL_FAST_MATH = YES;
				ONLY_ACTIVE_ARCH = YES;
				SDKROOT = iphoneos;
				SWIFT_ACTIVE_COMPILATION_CONDITIONS = DEBUG;
				SWIFT_OPTIMIZATION_LEVEL = "-Onone";
			};
			name = Debug;
		};
		71F6009D26606C5800109994 /* Release */ = {
			isa = XCBuildConfiguration;
			buildSettings = {
				ALWAYS_SEARCH_USER_PATHS = NO;
				CLANG_ANALYZER_NONNULL = YES;
				CLANG_ANALYZER_NUMBER_OBJECT_CONVERSION = YES_AGGRESSIVE;
				CLANG_CXX_LANGUAGE_STANDARD = "gnu++14";
				CLANG_CXX_LIBRARY = "libc++";
				CLANG_ENABLE_MODULES = YES;
				CLANG_ENABLE_OBJC_ARC = YES;
				CLANG_ENABLE_OBJC_WEAK = YES;
				CLANG_WARN_BLOCK_CAPTURE_AUTORELEASING = YES;
				CLANG_WARN_BOOL_CONVERSION = YES;
				CLANG_WARN_COMMA = YES;
				CLANG_WARN_CONSTANT_CONVERSION = YES;
				CLANG_WARN_DEPRECATED_OBJC_IMPLEMENTATIONS = YES;
				CLANG_WARN_DIRECT_OBJC_ISA_USAGE = YES_ERROR;
				CLANG_WARN_DOCUMENTATION_COMMENTS = YES;
				CLANG_WARN_EMPTY_BODY = YES;
				CLANG_WARN_ENUM_CONVERSION = YES;
				CLANG_WARN_INFINITE_RECURSION = YES;
				CLANG_WARN_INT_CONVERSION = YES;
				CLANG_WARN_NON_LITERAL_NULL_CONVERSION = YES;
				CLANG_WARN_OBJC_IMPLICIT_RETAIN_SELF = YES;
				CLANG_WARN_OBJC_LITERAL_CONVERSION = YES;
				CLANG_WARN_OBJC_ROOT_CLASS = YES_ERROR;
				CLANG_WARN_QUOTED_INCLUDE_IN_FRAMEWORK_HEADER = YES;
				CLANG_WARN_RANGE_LOOP_ANALYSIS = YES;
				CLANG_WARN_STRICT_PROTOTYPES = YES;
				CLANG_WARN_SUSPICIOUS_MOVE = YES;
				CLANG_WARN_UNGUARDED_AVAILABILITY = YES_AGGRESSIVE;
				CLANG_WARN_UNREACHABLE_CODE = YES;
				CLANG_WARN__DUPLICATE_METHOD_MATCH = YES;
				COPY_PHASE_STRIP = NO;
				DEBUG_INFORMATION_FORMAT = "dwarf-with-dsym";
				ENABLE_NS_ASSERTIONS = NO;
				ENABLE_STRICT_OBJC_MSGSEND = YES;
				GCC_C_LANGUAGE_STANDARD = gnu11;
				GCC_NO_COMMON_BLOCKS = YES;
				GCC_WARN_64_TO_32_BIT_CONVERSION = YES;
				GCC_WARN_ABOUT_RETURN_TYPE = YES_ERROR;
				GCC_WARN_UNDECLARED_SELECTOR = YES;
				GCC_WARN_UNINITIALIZED_AUTOS = YES_AGGRESSIVE;
				GCC_WARN_UNUSED_FUNCTION = YES;
				GCC_WARN_UNUSED_VARIABLE = YES;
				IPHONEOS_DEPLOYMENT_TARGET = 14.5;
				MTL_ENABLE_DEBUG_INFO = NO;
				MTL_FAST_MATH = YES;
				SDKROOT = iphoneos;
				SWIFT_COMPILATION_MODE = wholemodule;
				SWIFT_OPTIMIZATION_LEVEL = "-O";
				VALIDATE_PRODUCT = YES;
			};
			name = Release;
		};
		71F6009F26606C5800109994 /* Debug */ = {
			isa = XCBuildConfiguration;
			baseConfigurationReference = 0DD2EA9017F303C60E701CC0 /* Pods-Living Alone.debug.xcconfig */;
			buildSettings = {
				ASSETCATALOG_COMPILER_APPICON_NAME = AppIcon;
				ASSETCATALOG_COMPILER_GLOBAL_ACCENT_COLOR_NAME = AccentColor;
				CODE_SIGN_STYLE = Automatic;
				DEVELOPMENT_ASSET_PATHS = "\"Living Alone/Preview Content\"";
				DEVELOPMENT_TEAM = M7DG8QRAF9;
				ENABLE_PREVIEWS = YES;
				INFOPLIST_FILE = "Living Alone/Info.plist";
				IPHONEOS_DEPLOYMENT_TARGET = 14.0;
				LD_RUNPATH_SEARCH_PATHS = (
					"$(inherited)",
					"@executable_path/Frameworks",
				);
				PRODUCT_BUNDLE_IDENTIFIER = "br.poa.fatherison.Living-Alone";
				PRODUCT_NAME = "$(TARGET_NAME)";
				SWIFT_VERSION = 5.0;
				TARGETED_DEVICE_FAMILY = 1;
			};
			name = Debug;
		};
		71F600A026606C5800109994 /* Release */ = {
			isa = XCBuildConfiguration;
			baseConfigurationReference = E5EE72BF135E9FA7C95E4FFA /* Pods-Living Alone.release.xcconfig */;
			buildSettings = {
				ASSETCATALOG_COMPILER_APPICON_NAME = AppIcon;
				ASSETCATALOG_COMPILER_GLOBAL_ACCENT_COLOR_NAME = AccentColor;
				CODE_SIGN_STYLE = Automatic;
				DEVELOPMENT_ASSET_PATHS = "\"Living Alone/Preview Content\"";
				DEVELOPMENT_TEAM = M7DG8QRAF9;
				ENABLE_PREVIEWS = YES;
				INFOPLIST_FILE = "Living Alone/Info.plist";
				IPHONEOS_DEPLOYMENT_TARGET = 14.0;
				LD_RUNPATH_SEARCH_PATHS = (
					"$(inherited)",
					"@executable_path/Frameworks",
				);
				PRODUCT_BUNDLE_IDENTIFIER = "br.poa.fatherison.Living-Alone";
				PRODUCT_NAME = "$(TARGET_NAME)";
				SWIFT_VERSION = 5.0;
				TARGETED_DEVICE_FAMILY = 1;
			};
			name = Release;
		};
/* End XCBuildConfiguration section */

/* Begin XCConfigurationList section */
		71F6008A26606C5600109994 /* Build configuration list for PBXProject "Living Alone" */ = {
			isa = XCConfigurationList;
			buildConfigurations = (
				71F6009C26606C5800109994 /* Debug */,
				71F6009D26606C5800109994 /* Release */,
			);
			defaultConfigurationIsVisible = 0;
			defaultConfigurationName = Release;
		};
		71F6009E26606C5800109994 /* Build configuration list for PBXNativeTarget "Living Alone" */ = {
			isa = XCConfigurationList;
			buildConfigurations = (
				71F6009F26606C5800109994 /* Debug */,
				71F600A026606C5800109994 /* Release */,
			);
			defaultConfigurationIsVisible = 0;
			defaultConfigurationName = Release;
		};
/* End XCConfigurationList section */
	};
	rootObject = 71F6008726606C5600109994 /* Project object */;
}
